
Microsoft Visual Studio Solution File, Format Version 12.00
# Visual Studio 15
VisualStudioVersion = 15.0.28307.168
MinimumVisualStudioVersion = 10.0.40219.1
Project("{FAE04EC0-301F-11D3-BF4B-00C04F79EFBC}") = "C_M_S", "C_M_S\C_M_S.csproj", "{6BB53FC6-5E98-4231-A6AF-A895383B00F9}"
EndProject
Global
	GlobalSection(SolutionConfigurationPlatforms) = preSolution
		Debug|Any CPU = Debug|Any CPU
		Release|Any CPU = Release|Any CPU
	EndGlobalSection
	GlobalSection(ProjectConfigurationPlatforms) = postSolution
		{6BB53FC6-5E98-4231-A6AF-A895383B00F9}.Debug|Any CPU.ActiveCfg = Debug|Any CPU
		{6BB53FC6-5E98-4231-A6AF-A895383B00F9}.Debug|Any CPU.Build.0 = Debug|Any CPU
		{6BB53FC6-5E98-4231-A6AF-A895383B00F9}.Release|Any CPU.ActiveCfg = Release|Any CPU
		{6BB53FC6-5E98-4231-A6AF-A895383B00F9}.Release|Any CPU.Build.0 = Release|Any CPU
	EndGlobalSection
	GlobalSection(SolutionProperties) = preSolution
		HideSolutionNode = FALSE
	EndGlobalSection
	GlobalSection(ExtensibilityGlobals) = postSolution
		SolutionGuid = {0A46A033-9C4C-4F51-A46B-B95841DEFB5F}
	EndGlobalSection
EndGlobal
